
Microsoft Visual Studio Solution File, Format Version 10.00
# Visual C++ Express 2008
Project("{8BC9CEB8-8B4A-11D0-8D11-00A0C91BC942}") = "libfcache", "libfcache\libfcache.vcproj", "{3D19EAAD-9195-468B-BC5B-D147A89CA4F5}"
	ProjectSection(ProjectDependencies) = postProject
		{BD3A95FA-A3DE-4B79-A889-A7E5ECA4B69C} = {BD3A95FA-A3DE-4B79-A889-A7E5ECA4B69C}
		{8AFAA2C6-E025-4B45-B96F-A27D04C6115A} = {8AFAA2C6-E025-4B45-B96F-A27D04C6115A}
		{B9332DC8-7594-47DF-80C1-38922E0F4DFB} = {B9332DC8-7594-47DF-80C1-38922E0F4DFB}
	EndProjectSection
EndProject
Project("{8BC9CEB8-8B4A-11D0-8D11-00A0C91BC942}") = "fdata_test_area", "fdata_test_area\fdata_test_area.vcproj", "{2F484DF5-97A2-4710-B2F4-A53EB16223DE}"
	ProjectSection(ProjectDependencies) = postProject
		{64F0918D-A8C6-4A97-9CEF-3841202F4636} = {64F0918D-A8C6-4A97-9CEF-3841202F4636}
		{BD3A95FA-A3DE-4B79-A889-A7E5ECA4B69C} = {BD3A95FA-A3DE-4B79-A889-A7E5ECA4B69C}
	EndProjectSection
EndProject
Project("{8BC9CEB8-8B4A-11D0-8D11-00A0C91BC942}") = "fdata_test_btree", "fdata_test_btree\fdata_test_btree.vcproj", "{1245E83F-04C5-427A-A07D-CE7A9FD1B616}"
	ProjectSection(ProjectDependencies) = postProject
		{64F0918D-A8C6-4A97-9CEF-3841202F4636} = {64F0918D-A8C6-4A97-9CEF-3841202F4636}
		{BD3A95FA-A3DE-4B79-A889-A7E5ECA4B69C} = {BD3A95FA-A3DE-4B79-A889-A7E5ECA4B69C}
	EndProjectSection
EndProject
Project("{8BC9CEB8-8B4A-11D0-8D11-00A0C91BC942}") = "fdata_test_btree_node", "fdata_test_btree_node\fdata_test_btree_node.vcproj", "{594CCA75-37E8-436C-B8F7-9FAF0D5DB41C}"
	ProjectSection(ProjectDependencies) = postProject
		{64F0918D-A8C6-4A97-9CEF-3841202F4636} = {64F0918D-A8C6-4A97-9CEF-3841202F4636}
		{BD3A95FA-A3DE-4B79-A889-A7E5ECA4B69C} = {BD3A95FA-A3DE-4B79-A889-A7E5ECA4B69C}
	EndProjectSection
EndProject
Project("{8BC9CEB8-8B4A-11D0-8D11-00A0C91BC942}") = "fdata_test_btree_range", "fdata_test_btree_range\fdata_test_btree_range.vcproj", "{55BADD98-9A71-494C-AB1B-BA80E435CA61}"
	ProjectSection(ProjectDependencies) = postProject
		{64F0918D-A8C6-4A97-9CEF-3841202F4636} = {64F0918D-A8C6-4A97-9CEF-3841202F4636}
		{BD3A95FA-A3DE-4B79-A889-A7E5ECA4B69C} = {BD3A95FA-A3DE-4B79-A889-A7E5ECA4B69C}
	EndProjectSection
EndProject
Project("{8BC9CEB8-8B4A-11D0-8D11-00A0C91BC942}") = "fdata_test_cache", "fdata_test_cache\fdata_test_cache.vcproj", "{ED9780A0-50DA-4308-A05E-ADE4081FF253}"
	ProjectSection(ProjectDependencies) = postProject
		{64F0918D-A8C6-4A97-9CEF-3841202F4636} = {64F0918D-A8C6-4A97-9CEF-3841202F4636}
		{BD3A95FA-A3DE-4B79-A889-A7E5ECA4B69C} = {BD3A95FA-A3DE-4B79-A889-A7E5ECA4B69C}
	EndProjectSection
EndProject
Project("{8BC9CEB8-8B4A-11D0-8D11-00A0C91BC942}") = "fdata_test_error", "fdata_test_error\fdata_test_error.vcproj", "{D40F9B32-66A8-442E-B374-A00B62A6CE9E}"
	ProjectSection(ProjectDependencies) = postProject
		{64F0918D-A8C6-4A97-9CEF-3841202F4636} = {64F0918D-A8C6-4A97-9CEF-3841202F4636}
	EndProjectSection
EndProject
Project("{8BC9CEB8-8B4A-11D0-8D11-00A0C91BC942}") = "fdata_test_list", "fdata_test_list\fdata_test_list.vcproj", "{0CB8A49D-3701-4460-9895-ECD06C7A9D43}"
	ProjectSection(ProjectDependencies) = postProject
		{64F0918D-A8C6-4A97-9CEF-3841202F4636} = {64F0918D-A8C6-4A97-9CEF-3841202F4636}
		{BD3A95FA-A3DE-4B79-A889-A7E5ECA4B69C} = {BD3A95FA-A3DE-4B79-A889-A7E5ECA4B69C}
	EndProjectSection
EndProject
Project("{8BC9CEB8-8B4A-11D0-8D11-00A0C91BC942}") = "fdata_test_list_element", "fdata_test_list_element\fdata_test_list_element.vcproj", "{88F34300-3223-40EF-A8DD-8C9F0D2CA637}"
	ProjectSection(ProjectDependencies) = postProject
		{64F0918D-A8C6-4A97-9CEF-3841202F4636} = {64F0918D-A8C6-4A97-9CEF-3841202F4636}
		{BD3A95FA-A3DE-4B79-A889-A7E5ECA4B69C} = {BD3A95FA-A3DE-4B79-A889-A7E5ECA4B69C}
	EndProjectSection
EndProject
Project("{8BC9CEB8-8B4A-11D0-8D11-00A0C91BC942}") = "fdata_test_mapped_range", "fdata_test_mapped_range\fdata_test_mapped_range.vcproj", "{4AE38379-2DE9-4D80-8FC0-64E6433E10B5}"
	ProjectSection(ProjectDependencies) = postProject
		{64F0918D-A8C6-4A97-9CEF-3841202F4636} = {64F0918D-A8C6-4A97-9CEF-3841202F4636}
		{BD3A95FA-A3DE-4B79-A889-A7E5ECA4B69C} = {BD3A95FA-A3DE-4B79-A889-A7E5ECA4B69C}
	EndProjectSection
EndProject
Project("{8BC9CEB8-8B4A-11D0-8D11-00A0C91BC942}") = "fdata_test_notify", "fdata_test_notify\fdata_test_notify.vcproj", "{35FD74DE-1685-46F3-886C-94B143B7CD98}"
	ProjectSection(ProjectDependencies) = postProject
		{64F0918D-A8C6-4A97-9CEF-3841202F4636} = {64F0918D-A8C6-4A97-9CEF-3841202F4636}
		{BD3A95FA-A3DE-4B79-A889-A7E5ECA4B69C} = {BD3A95FA-A3DE-4B79-A889-A7E5ECA4B69C}
	EndProjectSection
EndProject
Project("{8BC9CEB8-8B4A-11D0-8D11-00A0C91BC942}") = "fdata_test_range", "fdata_test_range\fdata_test_range.vcproj", "{40FB188D-EE36-4761-B209-516D07B57821}"
	ProjectSection(ProjectDependencies) = postProject
		{64F0918D-A8C6-4A97-9CEF-3841202F4636} = {64F0918D-A8C6-4A97-9CEF-3841202F4636}
		{BD3A95FA-A3DE-4B79-A889-A7E5ECA4B69C} = {BD3A95FA-A3DE-4B79-A889-A7E5ECA4B69C}
	EndProjectSection
EndProject
Project("{8BC9CEB8-8B4A-11D0-8D11-00A0C91BC942}") = "fdata_test_range_list", "fdata_test_range_list\fdata_test_range_list.vcproj", "{076128E2-644E-4C4B-8FD0-90C414FFF3EB}"
	ProjectSection(ProjectDependencies) = postProject
		{64F0918D-A8C6-4A97-9CEF-3841202F4636} = {64F0918D-A8C6-4A97-9CEF-3841202F4636}
		{BD3A95FA-A3DE-4B79-A889-A7E5ECA4B69C} = {BD3A95FA-A3DE-4B79-A889-A7E5ECA4B69C}
	EndProjectSection
EndProject
Project("{8BC9CEB8-8B4A-11D0-8D11-00A0C91BC942}") = "fdata_test_stream", "fdata_test_stream\fdata_test_stream.vcproj", "{69BDFE9C-C0CE-47B3-B42A-7C75C391CF7D}"
	ProjectSection(ProjectDependencies) = postProject
		{64F0918D-A8C6-4A97-9CEF-3841202F4636} = {64F0918D-A8C6-4A97-9CEF-3841202F4636}
		{BD3A95FA-A3DE-4B79-A889-A7E5ECA4B69C} = {BD3A95FA-A3DE-4B79-A889-A7E5ECA4B69C}
	EndProjectSection
EndProject
Project("{8BC9CEB8-8B4A-11D0-8D11-00A0C91BC942}") = "fdata_test_support", "fdata_test_support\fdata_test_support.vcproj", "{CDC1A921-0A11-4CAC-AF6C-A49279E5E157}"
	ProjectSection(ProjectDependencies) = postProject
		{64F0918D-A8C6-4A97-9CEF-3841202F4636} = {64F0918D-A8C6-4A97-9CEF-3841202F4636}
	EndProjectSection
EndProject
Project("{8BC9CEB8-8B4A-11D0-8D11-00A0C91BC942}") = "fdata_test_tree", "fdata_test_tree\fdata_test_tree.vcproj", "{39B869E2-C938-451D-B8CC-457FFD78A7BE}"
	ProjectSection(ProjectDependencies) = postProject
		{64F0918D-A8C6-4A97-9CEF-3841202F4636} = {64F0918D-A8C6-4A97-9CEF-3841202F4636}
		{BD3A95FA-A3DE-4B79-A889-A7E5ECA4B69C} = {BD3A95FA-A3DE-4B79-A889-A7E5ECA4B69C}
	EndProjectSection
EndProject
Project("{8BC9CEB8-8B4A-11D0-8D11-00A0C91BC942}") = "fdata_test_tree_node", "fdata_test_tree_node\fdata_test_tree_node.vcproj", "{C8317989-5939-4BFC-A86F-26E534FA6040}"
	ProjectSection(ProjectDependencies) = postProject
		{64F0918D-A8C6-4A97-9CEF-3841202F4636} = {64F0918D-A8C6-4A97-9CEF-3841202F4636}
		{BD3A95FA-A3DE-4B79-A889-A7E5ECA4B69C} = {BD3A95FA-A3DE-4B79-A889-A7E5ECA4B69C}
	EndProjectSection
EndProject
Project("{8BC9CEB8-8B4A-11D0-8D11-00A0C91BC942}") = "fdata_test_vector", "fdata_test_vector\fdata_test_vector.vcproj", "{75E25532-8B13-4029-81D8-89FEABBCF3B2}"
	ProjectSection(ProjectDependencies) = postProject
		{64F0918D-A8C6-4A97-9CEF-3841202F4636} = {64F0918D-A8C6-4A97-9CEF-3841202F4636}
		{BD3A95FA-A3DE-4B79-A889-A7E5ECA4B69C} = {BD3A95FA-A3DE-4B79-A889-A7E5ECA4B69C}
	EndProjectSection
EndProject
Project("{8BC9CEB8-8B4A-11D0-8D11-00A0C91BC942}") = "libcthreads", "libcthreads\libcthreads.vcproj", "{8AFAA2C6-E025-4B45-B96F-A27D04C6115A}"
	ProjectSection(ProjectDependencies) = postProject
		{BD3A95FA-A3DE-4B79-A889-A7E5ECA4B69C} = {BD3A95FA-A3DE-4B79-A889-A7E5ECA4B69C}
	EndProjectSection
EndProject
Project("{8BC9CEB8-8B4A-11D0-8D11-00A0C91BC942}") = "libcerror", "libcerror\libcerror.vcproj", "{BD3A95FA-A3DE-4B79-A889-A7E5ECA4B69C}"
EndProject
Project("{8BC9CEB8-8B4A-11D0-8D11-00A0C91BC942}") = "libcnotify", "libcnotify\libcnotify.vcproj", "{5304AD69-D449-4589-B2C9-E4607E56A51D}"
	ProjectSection(ProjectDependencies) = postProject
		{BD3A95FA-A3DE-4B79-A889-A7E5ECA4B69C} = {BD3A95FA-A3DE-4B79-A889-A7E5ECA4B69C}
	EndProjectSection
EndProject
Project("{8BC9CEB8-8B4A-11D0-8D11-00A0C91BC942}") = "libfdata", "libfdata\libfdata.vcproj", "{64F0918D-A8C6-4A97-9CEF-3841202F4636}"
	ProjectSection(ProjectDependencies) = postProject
		{BD3A95FA-A3DE-4B79-A889-A7E5ECA4B69C} = {BD3A95FA-A3DE-4B79-A889-A7E5ECA4B69C}
		{8AFAA2C6-E025-4B45-B96F-A27D04C6115A} = {8AFAA2C6-E025-4B45-B96F-A27D04C6115A}
		{B9332DC8-7594-47DF-80C1-38922E0F4DFB} = {B9332DC8-7594-47DF-80C1-38922E0F4DFB}
		{5304AD69-D449-4589-B2C9-E4607E56A51D} = {5304AD69-D449-4589-B2C9-E4607E56A51D}
		{3D19EAAD-9195-468B-BC5B-D147A89CA4F5} = {3D19EAAD-9195-468B-BC5B-D147A89CA4F5}
	EndProjectSection
EndProject
Project("{8BC9CEB8-8B4A-11D0-8D11-00A0C91BC942}") = "libcdata", "libcdata\libcdata.vcproj", "{B9332DC8-7594-47DF-80C1-38922E0F4DFB}"
	ProjectSection(ProjectDependencies) = postProject
		{BD3A95FA-A3DE-4B79-A889-A7E5ECA4B69C} = {BD3A95FA-A3DE-4B79-A889-A7E5ECA4B69C}
		{8AFAA2C6-E025-4B45-B96F-A27D04C6115A} = {8AFAA2C6-E025-4B45-B96F-A27D04C6115A}
	EndProjectSection
EndProject
Global
	GlobalSection(SolutionConfigurationPlatforms) = preSolution
		Release|Win32 = Release|Win32
		VSDebug|Win32 = VSDebug|Win32
	EndGlobalSection
	GlobalSection(ProjectConfigurationPlatforms) = postSolution
		{3D19EAAD-9195-468B-BC5B-D147A89CA4F5}.Release|Win32.ActiveCfg = Release|Win32
		{3D19EAAD-9195-468B-BC5B-D147A89CA4F5}.Release|Win32.Build.0 = Release|Win32
		{3D19EAAD-9195-468B-BC5B-D147A89CA4F5}.VSDebug|Win32.ActiveCfg = VSDebug|Win32
		{3D19EAAD-9195-468B-BC5B-D147A89CA4F5}.VSDebug|Win32.Build.0 = VSDebug|Win32
		{2F484DF5-97A2-4710-B2F4-A53EB16223DE}.Release|Win32.ActiveCfg = Release|Win32
		{2F484DF5-97A2-4710-B2F4-A53EB16223DE}.Release|Win32.Build.0 = Release|Win32
		{2F484DF5-97A2-4710-B2F4-A53EB16223DE}.VSDebug|Win32.ActiveCfg = VSDebug|Win32
		{2F484DF5-97A2-4710-B2F4-A53EB16223DE}.VSDebug|Win32.Build.0 = VSDebug|Win32
		{1245E83F-04C5-427A-A07D-CE7A9FD1B616}.Release|Win32.ActiveCfg = Release|Win32
		{1245E83F-04C5-427A-A07D-CE7A9FD1B616}.Release|Win32.Build.0 = Release|Win32
		{1245E83F-04C5-427A-A07D-CE7A9FD1B616}.VSDebug|Win32.ActiveCfg = VSDebug|Win32
		{1245E83F-04C5-427A-A07D-CE7A9FD1B616}.VSDebug|Win32.Build.0 = VSDebug|Win32
		{594CCA75-37E8-436C-B8F7-9FAF0D5DB41C}.Release|Win32.ActiveCfg = Release|Win32
		{594CCA75-37E8-436C-B8F7-9FAF0D5DB41C}.Release|Win32.Build.0 = Release|Win32
		{594CCA75-37E8-436C-B8F7-9FAF0D5DB41C}.VSDebug|Win32.ActiveCfg = VSDebug|Win32
		{594CCA75-37E8-436C-B8F7-9FAF0D5DB41C}.VSDebug|Win32.Build.0 = VSDebug|Win32
		{55BADD98-9A71-494C-AB1B-BA80E435CA61}.Release|Win32.ActiveCfg = Release|Win32
		{55BADD98-9A71-494C-AB1B-BA80E435CA61}.Release|Win32.Build.0 = Release|Win32
		{55BADD98-9A71-494C-AB1B-BA80E435CA61}.VSDebug|Win32.ActiveCfg = VSDebug|Win32
		{55BADD98-9A71-494C-AB1B-BA80E435CA61}.VSDebug|Win32.Build.0 = VSDebug|Win32
		{ED9780A0-50DA-4308-A05E-ADE4081FF253}.Release|Win32.ActiveCfg = Release|Win32
		{ED9780A0-50DA-4308-A05E-ADE4081FF253}.Release|Win32.Build.0 = Release|Win32
		{ED9780A0-50DA-4308-A05E-ADE4081FF253}.VSDebug|Win32.ActiveCfg = VSDebug|Win32
		{ED9780A0-50DA-4308-A05E-ADE4081FF253}.VSDebug|Win32.Build.0 = VSDebug|Win32
		{D40F9B32-66A8-442E-B374-A00B62A6CE9E}.Release|Win32.ActiveCfg = Release|Win32
		{D40F9B32-66A8-442E-B374-A00B62A6CE9E}.Release|Win32.Build.0 = Release|Win32
		{D40F9B32-66A8-442E-B374-A00B62A6CE9E}.VSDebug|Win32.ActiveCfg = VSDebug|Win32
		{D40F9B32-66A8-442E-B374-A00B62A6CE9E}.VSDebug|Win32.Build.0 = VSDebug|Win32
		{0CB8A49D-3701-4460-9895-ECD06C7A9D43}.Release|Win32.ActiveCfg = Release|Win32
		{0CB8A49D-3701-4460-9895-ECD06C7A9D43}.Release|Win32.Build.0 = Release|Win32
		{0CB8A49D-3701-4460-9895-ECD06C7A9D43}.VSDebug|Win32.ActiveCfg = VSDebug|Win32
		{0CB8A49D-3701-4460-9895-ECD06C7A9D43}.VSDebug|Win32.Build.0 = VSDebug|Win32
		{88F34300-3223-40EF-A8DD-8C9F0D2CA637}.Release|Win32.ActiveCfg = Release|Win32
		{88F34300-3223-40EF-A8DD-8C9F0D2CA637}.Release|Win32.Build.0 = Release|Win32
		{88F34300-3223-40EF-A8DD-8C9F0D2CA637}.VSDebug|Win32.ActiveCfg = VSDebug|Win32
		{88F34300-3223-40EF-A8DD-8C9F0D2CA637}.VSDebug|Win32.Build.0 = VSDebug|Win32
		{4AE38379-2DE9-4D80-8FC0-64E6433E10B5}.Release|Win32.ActiveCfg = Release|Win32
		{4AE38379-2DE9-4D80-8FC0-64E6433E10B5}.Release|Win32.Build.0 = Release|Win32
		{4AE38379-2DE9-4D80-8FC0-64E6433E10B5}.VSDebug|Win32.ActiveCfg = VSDebug|Win32
		{4AE38379-2DE9-4D80-8FC0-64E6433E10B5}.VSDebug|Win32.Build.0 = VSDebug|Win32
		{35FD74DE-1685-46F3-886C-94B143B7CD98}.Release|Win32.ActiveCfg = Release|Win32
		{35FD74DE-1685-46F3-886C-94B143B7CD98}.Release|Win32.Build.0 = Release|Win32
		{35FD74DE-1685-46F3-886C-94B143B7CD98}.VSDebug|Win32.ActiveCfg = VSDebug|Win32
		{35FD74DE-1685-46F3-886C-94B143B7CD98}.VSDebug|Win32.Build.0 = VSDebug|Win32
		{40FB188D-EE36-4761-B209-516D07B57821}.Release|Win32.ActiveCfg = Release|Win32
		{40FB188D-EE36-4761-B209-516D07B57821}.Release|Win32.Build.0 = Release|Win32
		{40FB188D-EE36-4761-B209-516D07B57821}.VSDebug|Win32.ActiveCfg = VSDebug|Win32
		{40FB188D-EE36-4761-B209-516D07B57821}.VSDebug|Win32.Build.0 = VSDebug|Win32
		{076128E2-644E-4C4B-8FD0-90C414FFF3EB}.Release|Win32.ActiveCfg = Release|Win32
		{076128E2-644E-4C4B-8FD0-90C414FFF3EB}.Release|Win32.Build.0 = Release|Win32
		{076128E2-644E-4C4B-8FD0-90C414FFF3EB}.VSDebug|Win32.ActiveCfg = VSDebug|Win32
		{076128E2-644E-4C4B-8FD0-90C414FFF3EB}.VSDebug|Win32.Build.0 = VSDebug|Win32
		{69BDFE9C-C0CE-47B3-B42A-7C75C391CF7D}.Release|Win32.ActiveCfg = Release|Win32
		{69BDFE9C-C0CE-47B3-B42A-7C75C391CF7D}.Release|Win32.Build.0 = Release|Win32
		{69BDFE9C-C0CE-47B3-B42A-7C75C391CF7D}.VSDebug|Win32.ActiveCfg = VSDebug|Win32
		{69BDFE9C-C0CE-47B3-B42A-7C75C391CF7D}.VSDebug|Win32.Build.0 = VSDebug|Win32
		{CDC1A921-0A11-4CAC-AF6C-A49279E5E157}.Release|Win32.ActiveCfg = Release|Win32
		{CDC1A921-0A11-4CAC-AF6C-A49279E5E157}.Release|Win32.Build.0 = Release|Win32
		{CDC1A921-0A11-4CAC-AF6C-A49279E5E157}.VSDebug|Win32.ActiveCfg = VSDebug|Win32
		{CDC1A921-0A11-4CAC-AF6C-A49279E5E157}.VSDebug|Win32.Build.0 = VSDebug|Win32
		{39B869E2-C938-451D-B8CC-457FFD78A7BE}.Release|Win32.ActiveCfg = Release|Win32
		{39B869E2-C938-451D-B8CC-457FFD78A7BE}.Release|Win32.Build.0 = Release|Win32
		{39B869E2-C938-451D-B8CC-457FFD78A7BE}.VSDebug|Win32.ActiveCfg = VSDebug|Win32
		{39B869E2-C938-451D-B8CC-457FFD78A7BE}.VSDebug|Win32.Build.0 = VSDebug|Win32
		{C8317989-5939-4BFC-A86F-26E534FA6040}.Release|Win32.ActiveCfg = Release|Win32
		{C8317989-5939-4BFC-A86F-26E534FA6040}.Release|Win32.Build.0 = Release|Win32
		{C8317989-5939-4BFC-A86F-26E534FA6040}.VSDebug|Win32.ActiveCfg = VSDebug|Win32
		{C8317989-5939-4BFC-A86F-26E534FA6040}.VSDebug|Win32.Build.0 = VSDebug|Win32
		{75E25532-8B13-4029-81D8-89FEABBCF3B2}.Release|Win32.ActiveCfg = Release|Win32
		{75E25532-8B13-4029-81D8-89FEABBCF3B2}.Release|Win32.Build.0 = Release|Win32
		{75E25532-8B13-4029-81D8-89FEABBCF3B2}.VSDebug|Win32.ActiveCfg = VSDebug|Win32
		{75E25532-8B13-4029-81D8-89FEABBCF3B2}.VSDebug|Win32.Build.0 = VSDebug|Win32
		{8AFAA2C6-E025-4B45-B96F-A27D04C6115A}.Release|Win32.ActiveCfg = Release|Win32
		{8AFAA2C6-E025-4B45-B96F-A27D04C6115A}.Release|Win32.Build.0 = Release|Win32
		{8AFAA2C6-E025-4B45-B96F-A27D04C6115A}.VSDebug|Win32.ActiveCfg = VSDebug|Win32
		{8AFAA2C6-E025-4B45-B96F-A27D04C6115A}.VSDebug|Win32.Build.0 = VSDebug|Win32
		{BD3A95FA-A3DE-4B79-A889-A7E5ECA4B69C}.Release|Win32.ActiveCfg = Release|Win32
		{BD3A95FA-A3DE-4B79-A889-A7E5ECA4B69C}.Release|Win32.Build.0 = Release|Win32
		{BD3A95FA-A3DE-4B79-A889-A7E5ECA4B69C}.VSDebug|Win32.ActiveCfg = VSDebug|Win32
		{BD3A95FA-A3DE-4B79-A889-A7E5ECA4B69C}.VSDebug|Win32.Build.0 = VSDebug|Win32
		{5304AD69-D449-4589-B2C9-E4607E56A51D}.Release|Win32.ActiveCfg = Release|Win32
		{5304AD69-D449-4589-B2C9-E4607E56A51D}.Release|Win32.Build.0 = Release|Win32
		{5304AD69-D449-4589-B2C9-E4607E56A51D}.VSDebug|Win32.ActiveCfg = VSDebug|Win32
		{5304AD69-D449-4589-B2C9-E4607E56A51D}.VSDebug|Win32.Build.0 = VSDebug|Win32
		{64F0918D-A8C6-4A97-9CEF-3841202F4636}.Release|Win32.ActiveCfg = Release|Win32
		{64F0918D-A8C6-4A97-9CEF-3841202F4636}.Release|Win32.Build.0 = Release|Win32
		{64F0918D-A8C6-4A97-9CEF-3841202F4636}.VSDebug|Win32.ActiveCfg = VSDebug|Win32
		{64F0918D-A8C6-4A97-9CEF-3841202F4636}.VSDebug|Win32.Build.0 = VSDebug|Win32
		{B9332DC8-7594-47DF-80C1-38922E0F4DFB}.Release|Win32.ActiveCfg = Release|Win32
		{B9332DC8-7594-47DF-80C1-38922E0F4DFB}.Release|Win32.Build.0 = Release|Win32
		{B9332DC8-7594-47DF-80C1-38922E0F4DFB}.VSDebug|Win32.ActiveCfg = VSDebug|Win32
		{B9332DC8-7594-47DF-80C1-38922E0F4DFB}.VSDebug|Win32.Build.0 = VSDebug|Win32
	EndGlobalSection
	GlobalSection(SolutionProperties) = preSolution
		HideSolutionNode = FALSE
	EndGlobalSection
EndGlobal
